Microsoft Visual Studio Solution File, Format Version 11.00
# Visual Studio 2008

Project("{FF39306A-F0BB-DBFA-80F6-89043621F7DD}") = "Still alive", "Assembly-CSharp.csproj", "{ADF8F522-8802-B324-E9FD-818166FF03A6}"
EndProject
Project("{FF39306A-F0BB-DBFA-80F6-89043621F7DD}") = "Still alive", "Assembly-CSharp-Editor.csproj", "{8731D204-B333-84A6-36A6-78FF5865CF7B}"
EndProject
Global
	GlobalSection(SolutionConfigurationPlatforms) = preSolution
		Debug|Any CPU = Debug|Any CPU
		Release|Any CPU = Release|Any CPU
	EndGlobalSection
	GlobalSection(ProjectConfigurationPlatforms) = postSolution
		{ADF8F522-8802-B324-E9FD-818166FF03A6}.Debug|Any CPU.ActiveCfg = Debug|Any CPU
		{ADF8F522-8802-B324-E9FD-818166FF03A6}.Debug|Any CPU.Build.0 = Debug|Any CPU
		{ADF8F522-8802-B324-E9FD-818166FF03A6}.Release|Any CPU.ActiveCfg = Release|Any CPU
		{ADF8F522-8802-B324-E9FD-818166FF03A6}.Release|Any CPU.Build.0 = Release|Any CPU
		{8731D204-B333-84A6-36A6-78FF5865CF7B}.Debug|Any CPU.ActiveCfg = Debug|Any CPU
		{8731D204-B333-84A6-36A6-78FF5865CF7B}.Debug|Any CPU.Build.0 = Debug|Any CPU
		{8731D204-B333-84A6-36A6-78FF5865CF7B}.Release|Any CPU.ActiveCfg = Release|Any CPU
		{8731D204-B333-84A6-36A6-78FF5865CF7B}.Release|Any CPU.Build.0 = Release|Any CPU
	EndGlobalSection
	GlobalSection(SolutionProperties) = preSolution
		HideSolutionNode = FALSE
	EndGlobalSection
	GlobalSection(MonoDevelopProperties) = preSolution
		StartupItem = Assembly-CSharp.csproj
	EndGlobalSection
EndGlobal
